// !$*UTF8*$!
{
	archiveVersion = 1;
	classes = {
	};
	objectVersion = 56;
	objects = {

/* Begin PBXBuildFile section */
		97E4D86A2A29E9E000CBF950 /* main.cpp in Sources */ = {isa = PBXBuildFile; fileRef = 97E4D8692A29E9E000CBF950 /* main.cpp */; };
		97E4D8722A29EAB800CBF950 /* libportaudio.a in Frameworks */ = {isa = PBXBuildFile; fileRef = 97E4D8702A29EAB800CBF950 /* libportaudio.a */; };
		97E4D8782A29EB3800CBF950 /* AudioUnit.framework in Frameworks */ = {isa = PBXBuildFile; fileRef = 97E4D8752A29EB3800CBF950 /* AudioUnit.framework */; };
		97E4D8792A29EB3800CBF950 /* AudioToolbox.framework in Frameworks */ = {isa = PBXBuildFile; fileRef = 97E4D8762A29EB3800CBF950 /* AudioToolbox.framework */; };
		97E4D87A2A29EB3800CBF950 /* CoreAudio.framework in Frameworks */ = {isa = PBXBuildFile; fileRef = 97E4D8772A29EB3800CBF950 /* CoreAudio.framework */; };
		97E4D87C2A29EB4A00CBF950 /* Carbon.framework in Frameworks */ = {isa = PBXBuildFile; fileRef = 97E4D87B2A29EB4A00CBF950 /* Carbon.framework */; };
/* End PBXBuildFile section */

/* Begin PBXCopyFilesBuildPhase section */
		97E4D8642A29E9E000CBF950 /* CopyFiles */ = {
			isa = PBXCopyFilesBuildPhase;
			buildActionMask = 2147483647;
			dstPath = /usr/share/man/man1/;
			dstSubfolderSpec = 0;
			files = (
			);
			runOnlyForDeploymentPostprocessing = 1;
		};
/* End PBXCopyFilesBuildPhase section */

/* Begin PBXFileReference section */
		97E4D8662A29E9E000CBF950 /* CP3DSPTest */ = {isa = PBXFileReference; explicitFileType = "compiled.mach-o.executable"; includeInIndex = 0; path = CP3DSPTest; sourceTree = BUILT_PRODUCTS_DIR; };
		97E4D8692A29E9E000CBF950 /* main.cpp */ = {isa = PBXFileReference; lastKnownFileType = sourcecode.cpp.cpp; path = main.cpp; sourceTree = "<group>"; };
		97E4D8702A29EAB800CBF950 /* libportaudio.a */ = {isa = PBXFileReference; lastKnownFileType = archive.ar; path = libportaudio.a; sourceTree = "<group>"; };
		97E4D8712A29EAB800CBF950 /* portaudio.h */ = {isa = PBXFileReference; fileEncoding = 4; lastKnownFileType = sourcecode.c.h; path = portaudio.h; sourceTree = "<group>"; };
		97E4D8732A29EB0A00CBF950 /* modules */ = {isa = PBXFileReference; lastKnownFileType = folder; path = modules; sourceTree = "<group>"; };
		97E4D8752A29EB3800CBF950 /* AudioUnit.framework */ = {isa = PBXFileReference; lastKnownFileType = wrapper.framework; name = AudioUnit.framework; path = System/Library/Frameworks/AudioUnit.framework; sourceTree = SDKROOT; };
		97E4D8762A29EB3800CBF950 /* AudioToolbox.framework */ = {isa = PBXFileReference; lastKnownFileType = wrapper.framework; name = AudioToolbox.framework; path = System/Library/Frameworks/AudioToolbox.framework; sourceTree = SDKROOT; };
		97E4D8772A29EB3800CBF950 /* CoreAudio.framework */ = {isa = PBXFileReference; lastKnownFileType = wrapper.framework; name = CoreAudio.framework; path = System/Library/Frameworks/CoreAudio.framework; sourceTree = SDKROOT; };
		97E4D87B2A29EB4A00CBF950 /* Carbon.framework */ = {isa = PBXFileReference; lastKnownFileType = wrapper.framework; name = Carbon.framework; path = System/Library/Frameworks/Carbon.framework; sourceTree = SDKROOT; };
/* End PBXFileReference section */

/* Begin PBXFrameworksBuildPhase section */
		97E4D8632A29E9E000CBF950 /* Frameworks */ = {
			isa = PBXFrameworksBuildPhase;
			buildActionMask = 2147483647;
			files = (
				97E4D8722A29EAB800CBF950 /* libportaudio.a in Frameworks */,
				97E4D8782A29EB3800CBF950 /* AudioUnit.framework in Frameworks */,
				97E4D87A2A29EB3800CBF950 /* CoreAudio.framework in Frameworks */,
				97E4D87C2A29EB4A00CBF950 /* Carbon.framework in Frameworks */,
				97E4D8792A29EB3800CBF950 /* AudioToolbox.framework in Frameworks */,
			);
			runOnlyForDeploymentPostprocessing = 0;
		};
/* End PBXFrameworksBuildPhase section */

/* Begin PBXGroup section */
		97E4D85D2A29E9E000CBF950 = {
			isa = PBXGroup;
			children = (
				97E4D8682A29E9E000CBF950 /* CP3DSPTest */,
				97E4D8672A29E9E000CBF950 /* Products */,
				97E4D8742A29EB3800CBF950 /* Frameworks */,
			);
			sourceTree = "<group>";
		};
		97E4D8672A29E9E000CBF950 /* Products */ = {
			isa = PBXGroup;
			children = (
				97E4D8662A29E9E000CBF950 /* CP3DSPTest */,
			);
			name = Products;
			sourceTree = "<group>";
		};
		97E4D8682A29E9E000CBF950 /* CP3DSPTest */ = {
			isa = PBXGroup;
			children = (
				97E4D8732A29EB0A00CBF950 /* modules */,
				97E4D8702A29EAB800CBF950 /* libportaudio.a */,
				97E4D8712A29EAB800CBF950 /* portaudio.h */,
				97E4D8692A29E9E000CBF950 /* main.cpp */,
			);
			path = CP3DSPTest;
			sourceTree = "<group>";
		};
		97E4D8742A29EB3800CBF950 /* Frameworks */ = {
			isa = PBXGroup;
			children = (
				97E4D87B2A29EB4A00CBF950 /* Carbon.framework */,
				97E4D8762A29EB3800CBF950 /* AudioToolbox.framework */,
				97E4D8752A29EB3800CBF950 /* AudioUnit.framework */,
				97E4D8772A29EB3800CBF950 /* CoreAudio.framework */,
			);
			name = Frameworks;
			sourceTree = "<group>";
		};
/* End PBXGroup section */

/* Begin PBXNativeTarget section */
		97E4D8652A29E9E000CBF950 /* CP3DSPTest */ = {
			isa = PBXNativeTarget;
			buildConfigurationList = 97E4D86D2A29E9E000CBF950 /* Build configuration list for PBXNativeTarget "CP3DSPTest" */;
			buildPhases = (
				97E4D8622A29E9E000CBF950 /* Sources */,
				97E4D8632A29E9E000CBF950 /* Frameworks */,
				97E4D8642A29E9E000CBF950 /* CopyFiles */,
			);
			buildRules = (
			);
			dependencies = (
			);
			name = CP3DSPTest;
			productName = CP3DSPTest;
			productReference = 97E4D8662A29E9E000CBF950 /* CP3DSPTest */;
			productType = "com.apple.product-type.tool";
		};
/* End PBXNativeTarget section */

/* Begin PBXProject section */
		97E4D85E2A29E9E000CBF950 /* Project object */ = {
			isa = PBXProject;
			attributes = {
				BuildIndependentTargetsInParallel = 1;
				LastUpgradeCheck = 1430;
				TargetAttributes = {
					97E4D8652A29E9E000CBF950 = {
						CreatedOnToolsVersion = 14.3;
					};
				};
			};
			buildConfigurationList = 97E4D8612A29E9E000CBF950 /* Build configuration list for PBXProject "CP3DSPTest" */;
			compatibilityVersion = "Xcode 14.0";
			developmentRegion = en;
			hasScannedForEncodings = 0;
			knownRegions = (
				en,
				Base,
			);
			mainGroup = 97E4D85D2A29E9E000CBF950;
			productRefGroup = 97E4D8672A29E9E000CBF950 /* Products */;
			projectDirPath = "";
			projectRoot = "";
			targets = (
				97E4D8652A29E9E000CBF950 /* CP3DSPTest */,
			);
		};
/* End PBXProject section */

/* Begin PBXSourcesBuildPhase section */
		97E4D8622A29E9E000CBF950 /* Sources */ = {
			isa = PBXSourcesBuildPhase;
			buildActionMask = 2147483647;
			files = (
				97E4D86A2A29E9E000CBF950 /* main.cpp in Sources */,
			);
			runOnlyForDeploymentPostprocessing = 0;
		};
/* End PBXSourcesBuildPhase section */

/* Begin XCBuildConfiguration section */
		97E4D86B2A29E9E000CBF950 /* Debug */ = {
			isa = XCBuildConfiguration;
			buildSettings = {
				ALWAYS_SEARCH_USER_PATHS = NO;
				CLANG_ANALYZER_NONNULL = YES;
				CLANG_ANALYZER_NUMBER_OBJECT_CONVERSION = YES_AGGRESSIVE;
				CLANG_CXX_LANGUAGE_STANDARD = "gnu++20";
				CLANG_ENABLE_MODULES = YES;
				CLANG_ENABLE_OBJC_ARC = YES;
				CLANG_ENABLE_OBJC_WEAK = YES;
				CLANG_WARN_BLOCK_CAPTURE_AUTORELEASING = YES;
				CLANG_WARN_BOOL_CONVERSION = YES;
				CLANG_WARN_COMMA = YES;
				CLANG_WARN_CONSTANT_CONVERSION = YES;
				CLANG_WARN_DEPRECATED_OBJC_IMPLEMENTATIONS = YES;
				CLANG_WARN_DIRECT_OBJC_ISA_USAGE = YES_ERROR;
				CLANG_WARN_DOCUMENTATION_COMMENTS = YES;
				CLANG_WARN_EMPTY_BODY = YES;
				CLANG_WARN_ENUM_CONVERSION = YES;
				CLANG_WARN_INFINITE_RECURSION = YES;
				CLANG_WARN_INT_CONVERSION = YES;
				CLANG_WARN_NON_LITERAL_NULL_CONVERSION = YES;
				CLANG_WARN_OBJC_IMPLICIT_RETAIN_SELF = YES;
				CLANG_WARN_OBJC_LITERAL_CONVERSION = YES;
				CLANG_WARN_OBJC_ROOT_CLASS = YES_ERROR;
				CLANG_WARN_QUOTED_INCLUDE_IN_FRAMEWORK_HEADER = YES;
				CLANG_WARN_RANGE_LOOP_ANALYSIS = YES;
				CLANG_WARN_STRICT_PROTOTYPES = YES;
				CLANG_WARN_SUSPICIOUS_MOVE = YES;
				CLANG_WARN_UNGUARDED_AVAILABILITY = YES_AGGRESSIVE;
				CLANG_WARN_UNREACHABLE_CODE = YES;
				CLANG_WARN__DUPLICATE_METHOD_MATCH = YES;
				COPY_PHASE_STRIP = NO;
				DEBUG_INFORMATION_FORMAT = dwarf;
				ENABLE_STRICT_OBJC_MSGSEND = YES;
				ENABLE_TESTABILITY = YES;
				GCC_C_LANGUAGE_STANDARD = gnu11;
				GCC_DYNAMIC_NO_PIC = NO;
				GCC_NO_COMMON_BLOCKS = YES;
				GCC_OPTIMIZATION_LEVEL = 0;
				GCC_PREPROCESSOR_DEFINITIONS = (
					"DEBUG=1",
					"$(inherited)",
				);
				GCC_WARN_64_TO_32_BIT_CONVERSION = YES;
				GCC_WARN_ABOUT_RETURN_TYPE = YES_ERROR;
				GCC_WARN_UNDECLARED_SELECTOR = YES;
				GCC_WARN_UNINITIALIZED_AUTOS = YES_AGGRESSIVE;
				GCC_WARN_UNUSED_FUNCTION = YES;
				GCC_WARN_UNUSED_VARIABLE = YES;
				MACOSX_DEPLOYMENT_TARGET = 13.0;
				MTL_ENABLE_DEBUG_INFO = INCLUDE_SOURCE;
				MTL_FAST_MATH = YES;
				ONLY_ACTIVE_ARCH = YES;
				SDKROOT = macosx;
			};
			name = Debug;
		};
		97E4D86C2A29E9E000CBF950 /* Release */ = {
			isa = XCBuildConfiguration;
			buildSettings = {
				ALWAYS_SEARCH_USER_PATHS = NO;
				CLANG_ANALYZER_NONNULL = YES;
				CLANG_ANALYZER_NUMBER_OBJECT_CONVERSION = YES_AGGRESSIVE;
				CLANG_CXX_LANGUAGE_STANDARD = "gnu++20";
				CLANG_ENABLE_MODULES = YES;
				CLANG_ENABLE_OBJC_ARC = YES;
				CLANG_ENABLE_OBJC_WEAK = YES;
				CLANG_WARN_BLOCK_CAPTURE_AUTORELEASING = YES;
				CLANG_WARN_BOOL_CONVERSION = YES;
				CLANG_WARN_COMMA = YES;
				CLANG_WARN_CONSTANT_CONVERSION = YES;
				CLANG_WARN_DEPRECATED_OBJC_IMPLEMENTATIONS = YES;
				CLANG_WARN_DIRECT_OBJC_ISA_USAGE = YES_ERROR;
				CLANG_WARN_DOCUMENTATION_COMMENTS = YES;
				CLANG_WARN_EMPTY_BODY = YES;
				CLANG_WARN_ENUM_CONVERSION = YES;
				CLANG_WARN_INFINITE_RECURSION = YES;
				CLANG_WARN_INT_CONVERSION = YES;
				CLANG_WARN_NON_LITERAL_NULL_CONVERSION = YES;
				CLANG_WARN_OBJC_IMPLICIT_RETAIN_SELF = YES;
				CLANG_WARN_OBJC_LITERAL_CONVERSION = YES;
				CLANG_WARN_OBJC_ROOT_CLASS = YES_ERROR;
				CLANG_WARN_QUOTED_INCLUDE_IN_FRAMEWORK_HEADER = YES;
				CLANG_WARN_RANGE_LOOP_ANALYSIS = YES;
				CLANG_WARN_STRICT_PROTOTYPES = YES;
				CLANG_WARN_SUSPICIOUS_MOVE = YES;
				CLANG_WARN_UNGUARDED_AVAILABILITY = YES_AGGRESSIVE;
				CLANG_WARN_UNREACHABLE_CODE = YES;
				CLANG_WARN__DUPLICATE_METHOD_MATCH = YES;
				COPY_PHASE_STRIP = NO;
				DEBUG_INFORMATION_FORMAT = "dwarf-with-dsym";
				ENABLE_NS_ASSERTIONS = NO;
				ENABLE_STRICT_OBJC_MSGSEND = YES;
				GCC_C_LANGUAGE_STANDARD = gnu11;
				GCC_NO_COMMON_BLOCKS = YES;
				GCC_WARN_64_TO_32_BIT_CONVERSION = YES;
				GCC_WARN_ABOUT_RETURN_TYPE = YES_ERROR;
				GCC_WARN_UNDECLARED_SELECTOR = YES;
				GCC_WARN_UNINITIALIZED_AUTOS = YES_AGGRESSIVE;
				GCC_WARN_UNUSED_FUNCTION = YES;
				GCC_WARN_UNUSED_VARIABLE = YES;
				MACOSX_DEPLOYMENT_TARGET = 13.0;
				MTL_ENABLE_DEBUG_INFO = NO;
				MTL_FAST_MATH = YES;
				SDKROOT = macosx;
			};
			name = Release;
		};
		97E4D86E2A29E9E000CBF950 /* Debug */ = {
			isa = XCBuildConfiguration;
			buildSettings = {
				CODE_SIGN_STYLE = Automatic;
				DEVELOPMENT_TEAM = 5GWBH83EBX;
				ENABLE_HARDENED_RUNTIME = YES;
				LIBRARY_SEARCH_PATHS = (
					"$(inherited)",
					"$(PROJECT_DIR)/CP3DSPTest",
				);
				PRODUCT_NAME = "$(TARGET_NAME)";
			};
			name = Debug;
		};
		97E4D86F2A29E9E000CBF950 /* Release */ = {
			isa = XCBuildConfiguration;
			buildSettings = {
				CODE_SIGN_STYLE = Automatic;
				DEVELOPMENT_TEAM = 5GWBH83EBX;
				ENABLE_HARDENED_RUNTIME = YES;
				LIBRARY_SEARCH_PATHS = (
					"$(inherited)",
					"$(PROJECT_DIR)/CP3DSPTest",
				);
				PRODUCT_NAME = "$(TARGET_NAME)";
			};
			name = Release;
		};
/* End XCBuildConfiguration section */

/* Begin XCConfigurationList section */
		97E4D8612A29E9E000CBF950 /* Build configuration list for PBXProject "CP3DSPTest" */ = {
			isa = XCConfigurationList;
			buildConfigurations = (
				97E4D86B2A29E9E000CBF950 /* Debug */,
				97E4D86C2A29E9E000CBF950 /* Release */,
			);
			defaultConfigurationIsVisible = 0;
			defaultConfigurationName = Release;
		};
		97E4D86D2A29E9E000CBF950 /* Build configuration list for PBXNativeTarget "CP3DSPTest" */ = {
			isa = XCConfigurationList;
			buildConfigurations = (
				97E4D86E2A29E9E000CBF950 /* Debug */,
				97E4D86F2A29E9E000CBF950 /* Release */,
			);
			defaultConfigurationIsVisible = 0;
			defaultConfigurationName = Release;
		};
/* End XCConfigurationList section */
	};
	rootObject = 97E4D85E2A29E9E000CBF950 /* Project object */;
}
